{
  "version": 4,
  "terraform_version": "1.14.7",
  "serial": 25,
  "lineage": "c3f6a625-b6c7-f1f9-a97b-f4fd34ce84b4",
  "outputs": {
    "cloudwatch_log_group": {
      "value": "/aws/lambda/warden-quarantine-lambda",
      "type": "string"
    },
    "dlq_url": {
      "value": "https://sqs.us-east-1.amazonaws.com/935595346298/warden-lambda-dlq",
      "type": "string"
    },
    "eventbridge_rule_arn": {
      "value": "arn:aws:events:us-east-1:935595346298:rule/warden-cloudtrail-monitor",
      "type": "string"
    },
    "lambda_function_arn": {
      "value": "arn:aws:lambda:us-east-1:935595346298:function:warden-quarantine-lambda",
      "type": "string"
    },
    "quarantine_policy_arn": {
      "value": "arn:aws:iam::935595346298:policy/warden-quarantine-deny-all",
      "type": "string"
    },
    "sns_topic_arn": {
      "value": "arn:aws:sns:us-east-1:935595346298:warden-security-alerts",
      "type": "string"
    }
  },
  "resources": [
    {
      "mode": "data",
      "type": "aws_caller_identity",
      "name": "current",
      "provider": "provider[\"registry.terraform.io/hashicorp/aws\"]",
      "instances": [
        {
          "schema_version": 0,
          "attributes": {
            "account_id": "935595346298",
            "arn": "arn:aws:iam::935595346298:user/Takou326",
            "id": "935595346298",
            "user_id": "AIDA5TVOUBF5POXWRQZHN"
          },
          "sensitive_attributes": [],
          "identity_schema_version": 0
        }
      ]
    },
    {
      "mode": "managed",
      "type": "aws_cloudtrail",
      "name": "warden_trail",
      "provider": "provider[\"registry.terraform.io/hashicorp/aws\"]",
      "instances": [
        {
          "schema_version": 1,
          "attributes": {
            "advanced_event_selector": [],
            "arn": "arn:aws:cloudtrail:us-east-1:935595346298:trail/warden-trail",
            "cloud_watch_logs_group_arn": "",
            "cloud_watch_logs_role_arn": "",
            "enable_log_file_validation": false,
            "enable_logging": true,
            "event_selector": [],
            "home_region": "us-east-1",
            "id": "warden-trail",
            "include_global_service_events": true,
            "insight_selector": [],
            "is_multi_region_trail": false,
            "is_organization_trail": false,
            "kms_key_id": "",
            "name": "warden-trail",
            "s3_bucket_name": "warden-trail-logs-935595346298",
            "s3_key_prefix": "",
            "sns_topic_arn": "",
            "sns_topic_name": "",
            "tags": {},
            "tags_all": {
              "ManagedBy": "terraform",
              "Project": "warden-security",
              "Purpose": "iam-security-remediation"
            }
          },
          "sensitive_attributes": [],
          "identity_schema_version": 0,
          "private": "eyJzY2hlbWFfdmVyc2lvbiI6IjEifQ==",
          "dependencies": [
            "aws_s3_bucket.cloudtrail_logs",
            "data.aws_caller_identity.current"
          ]
        }
      ]
    },
    {
      "mode": "managed",
      "type": "aws_cloudwatch_event_rule",
      "name": "warden_cloudtrail_monitor",
      "provider": "provider[\"registry.terraform.io/hashicorp/aws\"]",
      "instances": [
        {
          "schema_version": 1,
          "attributes": {
            "arn": "arn:aws:events:us-east-1:935595346298:rule/warden-cloudtrail-monitor",
            "description": "Detect suspicious CloudTrail events for automated quarantine",
            "event_bus_name": "default",
            "event_pattern": "{\"detail\":{\"eventName\":[\"DeleteBucket\",\"AttachUserPolicy\",\"CreateAccessKey\"]},\"detail-type\":[\"AWS API Call via CloudTrail\"],\"source\":[\"aws.s3\",\"aws.iam\"]}",
            "force_destroy": false,
            "id": "warden-cloudtrail-monitor",
            "is_enabled": true,
            "name": "warden-cloudtrail-monitor",
            "name_prefix": "",
            "role_arn": "",
            "schedule_expression": "",
            "state": "ENABLED",
            "tags": {
              "Name": "warden-cloudtrail-monitor"
            },
            "tags_all": {
              "ManagedBy": "terraform",
              "Name": "warden-cloudtrail-monitor",
              "Project": "warden-security",
              "Purpose": "iam-security-remediation"
            }
          },
          "sensitive_attributes": [],
          "identity_schema_version": 0,
          "private": "eyJzY2hlbWFfdmVyc2lvbiI6IjEifQ=="
        }
      ]
    },
    {
      "mode": "managed",
      "type": "aws_cloudwatch_event_target",
      "name": "warden_lambda_target",
      "provider": "provider[\"registry.terraform.io/hashicorp/aws\"]",
      "instances": [
        {
          "schema_version": 1,
          "attributes": {
            "appsync_target": [],
            "arn": "arn:aws:lambda:us-east-1:935595346298:function:warden-quarantine-lambda",
            "batch_target": [],
            "dead_letter_config": [],
            "ecs_target": [],
            "event_bus_name": "default",
            "force_destroy": false,
            "http_target": [],
            "id": "warden-cloudtrail-monitor-WardenQuarantineLambda",
            "input": "",
            "input_path": "",
            "input_transformer": [],
            "kinesis_target": [],
            "redshift_target": [],
            "retry_policy": [],
            "role_arn": "",
            "rule": "warden-cloudtrail-monitor",
            "run_command_targets": [],
            "sagemaker_pipeline_target": [],
            "sqs_target": [],
            "target_id": "WardenQuarantineLambda"
          },
          "sensitive_attributes": [],
          "identity_schema_version": 0,
          "private": "eyJzY2hlbWFfdmVyc2lvbiI6IjEifQ==",
          "dependencies": [
            "aws_cloudwatch_event_rule.warden_cloudtrail_monitor",
            "aws_iam_policy.warden_quarantine_deny_all",
            "aws_iam_role.warden_lambda_execution",
            "aws_iam_role_policy.warden_lambda_permissions",
            "aws_kms_key.warden_sns",
            "aws_lambda_function.warden_quarantine",
            "aws_sns_topic.warden_security_alerts",
            "aws_sqs_queue.warden_dlq",
            "data.aws_caller_identity.current"
          ]
        }
      ]
    },
    {
      "mode": "managed",
      "type": "aws_cloudwatch_log_group",
      "name": "warden_lambda_logs",
      "provider": "provider[\"registry.terraform.io/hashicorp/aws\"]",
      "instances": [
        {
          "schema_version": 0,
          "attributes": {
            "arn": "arn:aws:logs:us-east-1:935595346298:log-group:/aws/lambda/warden-quarantine-lambda",
            "id": "/aws/lambda/warden-quarantine-lambda",
            "kms_key_id": "",
            "log_group_class": "STANDARD",
            "name": "/aws/lambda/warden-quarantine-lambda",
            "name_prefix": "",
            "retention_in_days": 30,
            "skip_destroy": false,
            "tags": {
              "Name": "warden-lambda-logs"
            },
            "tags_all": {
              "ManagedBy": "terraform",
              "Name": "warden-lambda-logs",
              "Project": "warden-security",
              "Purpose": "iam-security-remediation"
            }
          },
          "sensitive_attributes": [],
          "identity_schema_version": 0,
          "private": "bnVsbA=="
        }
      ]
    },
    {
      "mode": "managed",
      "type": "aws_iam_policy",
      "name": "warden_quarantine_deny_all",
      "provider": "provider[\"registry.terraform.io/hashicorp/aws\"]",
      "instances": [
        {
          "schema_version": 0,
          "attributes": {
            "arn": "arn:aws:iam::935595346298:policy/warden-quarantine-deny-all",
            "attachment_count": 0,
            "description": "Quarantine policy that denies all AWS actions - applied to compromised principals",
            "id": "arn:aws:iam::935595346298:policy/warden-quarantine-deny-all",
            "name": "warden-quarantine-deny-all",
            "name_prefix": "",
            "path": "/",
            "policy": "{\"Statement\":[{\"Action\":\"*\",\"Effect\":\"Deny\",\"Resource\":\"*\",\"Sid\":\"DenyAllActions\"},{\"Action\":[\"iam:AttachUserPolicy\",\"iam:AttachRolePolicy\",\"iam:CreateAccessKey\",\"iam:CreateLoginProfile\",\"iam:CreateUser\",\"iam:DeleteUserPolicy\",\"iam:DeleteRolePolicy\",\"iam:PutUserPolicy\",\"iam:PutRolePolicy\",\"iam:AddUserToGroup\",\"iam:UpdateAssumeRolePolicy\"],\"Effect\":\"Deny\",\"Resource\":\"*\",\"Sid\":\"DenyIAMPrivilegeEscalation\"},{\"Action\":[\"ec2:RunInstances\",\"lambda:CreateFunction\",\"lambda:UpdateFunctionCode\",\"ecs:RunTask\",\"batch:SubmitJob\"],\"Effect\":\"Deny\",\"Resource\":\"*\",\"Sid\":\"DenyComputeActions\"},{\"Action\":[\"s3:PutBucketPolicy\",\"s3:PutBucketAcl\",\"s3:PutObjectAcl\",\"rds:ModifyDBInstance\",\"rds:CreateDBSnapshot\"],\"Effect\":\"Deny\",\"Resource\":\"*\",\"Sid\":\"DenyDataExfiltration\"}],\"Version\":\"2012-10-17\"}",
            "policy_id": "ANPA5TVOUBF5HNKETKV2A",
            "tags": {
              "Name": "warden-quarantine-deny-all"
            },
            "tags_all": {
              "ManagedBy": "terraform",
              "Name": "warden-quarantine-deny-all",
              "Project": "warden-security",
              "Purpose": "iam-security-remediation"
            }
          },
          "sensitive_attributes": [],
          "identity_schema_version": 0,
          "private": "bnVsbA=="
        }
      ]
    },
    {
      "mode": "managed",
      "type": "aws_iam_role",
      "name": "warden_lambda_execution",
      "provider": "provider[\"registry.terraform.io/hashicorp/aws\"]",
      "instances": [
        {
          "schema_version": 0,
          "attributes": {
            "arn": "arn:aws:iam::935595346298:role/warden-lambda-execution-role",
            "assume_role_policy": "{\"Statement\":[{\"Action\":\"sts:AssumeRole\",\"Effect\":\"Allow\",\"Principal\":{\"Service\":\"lambda.amazonaws.com\"}}],\"Version\":\"2012-10-17\"}",
            "create_date": "2026-03-30T15:36:26Z",
            "description": "",
            "force_detach_policies": false,
            "id": "warden-lambda-execution-role",
            "inline_policy": [
              {
                "name": "warden-lambda-permissions",
                "policy": "{\"Version\":\"2012-10-17\",\"Statement\":[{\"Action\":[\"logs:CreateLogGroup\",\"logs:CreateLogStream\",\"logs:PutLogEvents\"],\"Effect\":\"Allow\",\"Resource\":\"arn:aws:logs:us-east-1:935595346298:log-group:/aws/lambda/warden-quarantine-lambda:*\",\"Sid\":\"CloudWatchLogsAccess\"},{\"Action\":[\"iam:AttachUserPolicy\",\"iam:AttachRolePolicy\"],\"Condition\":{\"StringEquals\":{\"iam:PolicyARN\":\"arn:aws:iam::935595346298:policy/warden-quarantine-deny-all\"}},\"Effect\":\"Allow\",\"Resource\":[\"arn:aws:iam::935595346298:user/*\",\"arn:aws:iam::935595346298:role/*\"],\"Sid\":\"AttachQuarantinePolicy\"},{\"Action\":\"sns:Publish\",\"Effect\":\"Allow\",\"Resource\":\"arn:aws:sns:us-east-1:935595346298:warden-security-alerts\",\"Sid\":\"PublishToSecurityAlerts\"},{\"Action\":[\"sqs:SendMessage\"],\"Effect\":\"Allow\",\"Resource\":\"arn:aws:sqs:us-east-1:935595346298:warden-lambda-dlq\",\"Sid\":\"DLQAccess\"},{\"Action\":[\"kms:Decrypt\",\"kms:GenerateDataKey\"],\"Effect\":\"Allow\",\"Resource\":\"arn:aws:kms:us-east-1:935595346298:key/3a0c4183-d597-4b5b-be85-822a5ac66876\",\"Sid\":\"KMSDecryptForSNS\"}]}"
              }
            ],
            "managed_policy_arns": [],
            "max_session_duration": 3600,
            "name": "warden-lambda-execution-role",
            "name_prefix": "",
            "path": "/",
            "permissions_boundary": "",
            "tags": {
              "Name": "warden-lambda-execution-role"
            },
            "tags_all": {
              "ManagedBy": "terraform",
              "Name": "warden-lambda-execution-role",
              "Project": "warden-security",
              "Purpose": "iam-security-remediation"
            },
            "unique_id": "AROA5TVOUBF5DG3PKHIVS"
          },
          "sensitive_attributes": [],
          "identity_schema_version": 0,
          "private": "bnVsbA=="
        }
      ]
    },
    {
      "mode": "managed",
      "type": "aws_iam_role_policy",
      "name": "warden_lambda_permissions",
      "provider": "provider[\"registry.terraform.io/hashicorp/aws\"]",
      "instances": [
        {
          "schema_version": 0,
          "attributes": {
            "id": "warden-lambda-execution-role:warden-lambda-permissions",
            "name": "warden-lambda-permissions",
            "name_prefix": "",
            "policy": "{\"Version\":\"2012-10-17\",\"Statement\":[{\"Action\":[\"logs:CreateLogGroup\",\"logs:CreateLogStream\",\"logs:PutLogEvents\"],\"Effect\":\"Allow\",\"Resource\":\"arn:aws:logs:us-east-1:935595346298:log-group:/aws/lambda/warden-quarantine-lambda:*\",\"Sid\":\"CloudWatchLogsAccess\"},{\"Action\":[\"iam:AttachUserPolicy\",\"iam:AttachRolePolicy\"],\"Condition\":{\"StringEquals\":{\"iam:PolicyARN\":\"arn:aws:iam::935595346298:policy/warden-quarantine-deny-all\"}},\"Effect\":\"Allow\",\"Resource\":[\"arn:aws:iam::935595346298:user/*\",\"arn:aws:iam::935595346298:role/*\"],\"Sid\":\"AttachQuarantinePolicy\"},{\"Action\":\"sns:Publish\",\"Effect\":\"Allow\",\"Resource\":\"arn:aws:sns:us-east-1:935595346298:warden-security-alerts\",\"Sid\":\"PublishToSecurityAlerts\"},{\"Action\":[\"sqs:SendMessage\"],\"Effect\":\"Allow\",\"Resource\":\"arn:aws:sqs:us-east-1:935595346298:warden-lambda-dlq\",\"Sid\":\"DLQAccess\"},{\"Action\":[\"kms:Decrypt\",\"kms:GenerateDataKey\"],\"Effect\":\"Allow\",\"Resource\":\"arn:aws:kms:us-east-1:935595346298:key/3a0c4183-d597-4b5b-be85-822a5ac66876\",\"Sid\":\"KMSDecryptForSNS\"}]}",
            "role": "warden-lambda-execution-role"
          },
          "sensitive_attributes": [],
          "identity_schema_version": 0,
          "private": "bnVsbA==",
          "dependencies": [
            "aws_iam_policy.warden_quarantine_deny_all",
            "aws_iam_role.warden_lambda_execution",
            "aws_kms_key.warden_sns",
            "aws_sns_topic.warden_security_alerts",
            "aws_sqs_queue.warden_dlq",
            "data.aws_caller_identity.current"
          ]
        }
      ]
    },
    {
      "mode": "managed",
      "type": "aws_kms_alias",
      "name": "warden_sns",
      "provider": "provider[\"registry.terraform.io/hashicorp/aws\"]",
      "instances": [
        {
          "schema_version": 0,
          "attributes": {
            "arn": "arn:aws:kms:us-east-1:935595346298:alias/warden-sns-encryption",
            "id": "alias/warden-sns-encryption",
            "name": "alias/warden-sns-encryption",
            "name_prefix": "",
            "target_key_arn": "arn:aws:kms:us-east-1:935595346298:key/3a0c4183-d597-4b5b-be85-822a5ac66876",
            "target_key_id": "3a0c4183-d597-4b5b-be85-822a5ac66876"
          },
          "sensitive_attributes": [],
          "identity_schema_version": 0,
          "private": "bnVsbA==",
          "dependencies": [
            "aws_kms_key.warden_sns"
          ]
        }
      ]
    },
    {
      "mode": "managed",
      "type": "aws_kms_key",
      "name": "warden_sns",
      "provider": "provider[\"registry.terraform.io/hashicorp/aws\"]",
      "instances": [
        {
          "schema_version": 0,
          "attributes": {
            "arn": "arn:aws:kms:us-east-1:935595346298:key/3a0c4183-d597-4b5b-be85-822a5ac66876",
            "bypass_policy_lockout_safety_check": false,
            "custom_key_store_id": "",
            "customer_master_key_spec": "SYMMETRIC_DEFAULT",
            "deletion_window_in_days": 10,
            "description": "KMS key for Warden security alerts SNS topic encryption",
            "enable_key_rotation": true,
            "id": "3a0c4183-d597-4b5b-be85-822a5ac66876",
            "is_enabled": true,
            "key_id": "3a0c4183-d597-4b5b-be85-822a5ac66876",
            "key_usage": "ENCRYPT_DECRYPT",
            "multi_region": false,
            "policy": "{\"Id\":\"key-default-1\",\"Statement\":[{\"Action\":\"kms:*\",\"Effect\":\"Allow\",\"Principal\":{\"AWS\":\"arn:aws:iam::935595346298:root\"},\"Resource\":\"*\",\"Sid\":\"Enable IAM User Permissions\"}],\"Version\":\"2012-10-17\"}",
            "rotation_period_in_days": 365,
            "tags": {
              "Name": "warden-sns-encryption-key"
            },
            "tags_all": {
              "ManagedBy": "terraform",
              "Name": "warden-sns-encryption-key",
              "Project": "warden-security",
              "Purpose": "iam-security-remediation"
            },
            "timeouts": null,
            "xks_key_id": ""
          },
          "sensitive_attributes": [],
          "identity_schema_version": 0,
          "private": "eyJlMmJmYjczMC1lY2FhLTExZTYtOGY4OC0zNDM2M2JjN2M0YzAiOnsiY3JlYXRlIjoxMjAwMDAwMDAwMDB9fQ=="
        }
      ]
    },
    {
      "mode": "managed",
      "type": "aws_lambda_function",
      "name": "warden_quarantine",
      "provider": "provider[\"registry.terraform.io/hashicorp/aws\"]",
      "instances": [
        {
          "schema_version": 0,
          "attributes": {
            "architectures": [
              "x86_64"
            ],
            "arn": "arn:aws:lambda:us-east-1:935595346298:function:warden-quarantine-lambda",
            "code_sha256": "UnAo6cto6UrQL8BDtDm24rPnRgqMILcYQ/ND1hosUjw=",
            "code_signing_config_arn": "",
            "dead_letter_config": [
              {
                "target_arn": "arn:aws:sqs:us-east-1:935595346298:warden-lambda-dlq"
              }
            ],
            "description": "",
            "environment": [
              {
                "variables": {
                  "QUARANTINE_POLICY_ARN": "arn:aws:iam::935595346298:policy/warden-quarantine-deny-all",
                  "SNS_TOPIC_ARN": "arn:aws:sns:us-east-1:935595346298:warden-security-alerts"
                }
              }
            ],
            "ephemeral_storage": [
              {
                "size": 512
              }
            ],
            "file_system_config": [],
            "filename": "./lambda_function.zip",
            "function_name": "warden-quarantine-lambda",
            "handler": "index.lambda_handler",
            "id": "warden-quarantine-lambda",
            "image_config": [],
            "image_uri": "",
            "invoke_arn": "arn:aws:apigateway:us-east-1:lambda:path/2015-03-31/functions/arn:aws:lambda:us-east-1:935595346298:function:warden-quarantine-lambda/invocations",
            "kms_key_arn": "",
            "last_modified": "2026-03-30T15:38:29.377+0000",
            "layers": [],
            "logging_config": [
              {
                "application_log_level": "",
                "log_format": "Text",
                "log_group": "/aws/lambda/warden-quarantine-lambda",
                "system_log_level": ""
              }
            ],
            "memory_size": 256,
            "package_type": "Zip",
            "publish": false,
            "qualified_arn": "arn:aws:lambda:us-east-1:935595346298:function:warden-quarantine-lambda:$LATEST",
            "qualified_invoke_arn": "arn:aws:apigateway:us-east-1:lambda:path/2015-03-31/functions/arn:aws:lambda:us-east-1:935595346298:function:warden-quarantine-lambda:$LATEST/invocations",
            "replace_security_groups_on_destroy": null,
            "replacement_security_group_ids": null,
            "reserved_concurrent_executions": -1,
            "role": "arn:aws:iam::935595346298:role/warden-lambda-execution-role",
            "runtime": "python3.11",
            "s3_bucket": null,
            "s3_key": null,
            "s3_object_version": null,
            "signing_job_arn": "",
            "signing_profile_version_arn": "",
            "skip_destroy": false,
            "snap_start": [],
            "source_code_hash": "",
            "source_code_size": 2932,
            "tags": {
              "Name": "warden-quarantine-lambda"
            },
            "tags_all": {
              "ManagedBy": "terraform",
              "Name": "warden-quarantine-lambda",
              "Project": "warden-security",
              "Purpose": "iam-security-remediation"
            },
            "timeout": 60,
            "timeouts": null,
            "tracing_config": [
              {
                "mode": "PassThrough"
              }
            ],
            "version": "$LATEST",
            "vpc_config": []
          },
          "sensitive_attributes": [],
          "identity_schema_version": 0,
          "private": "eyJlMmJmYjczMC1lY2FhLTExZTYtOGY4OC0zNDM2M2JjN2M0YzAiOnsiY3JlYXRlIjo2MDAwMDAwMDAwMDAsImRlbGV0ZSI6NjAwMDAwMDAwMDAwLCJ1cGRhdGUiOjYwMDAwMDAwMDAwMH19",
          "dependencies": [
            "aws_iam_policy.warden_quarantine_deny_all",
            "aws_iam_role.warden_lambda_execution",
            "aws_iam_role_policy.warden_lambda_permissions",
            "aws_kms_key.warden_sns",
            "aws_sns_topic.warden_security_alerts",
            "aws_sqs_queue.warden_dlq",
            "data.aws_caller_identity.current"
          ]
        }
      ]
    },
    {
      "mode": "managed",
      "type": "aws_lambda_permission",
      "name": "allow_eventbridge",
      "provider": "provider[\"registry.terraform.io/hashicorp/aws\"]",
      "instances": [
        {
          "schema_version": 0,
          "attributes": {
            "action": "lambda:InvokeFunction",
            "event_source_token": null,
            "function_name": "warden-quarantine-lambda",
            "function_url_auth_type": null,
            "id": "AllowExecutionFromEventBridge",
            "principal": "events.amazonaws.com",
            "principal_org_id": null,
            "qualifier": "",
            "source_account": null,
            "source_arn": "arn:aws:events:us-east-1:935595346298:rule/warden-cloudtrail-monitor",
            "statement_id": "AllowExecutionFromEventBridge",
            "statement_id_prefix": ""
          },
          "sensitive_attributes": [],
          "identity_schema_version": 0,
          "private": "bnVsbA==",
          "dependencies": [
            "aws_cloudwatch_event_rule.warden_cloudtrail_monitor",
            "aws_iam_policy.warden_quarantine_deny_all",
            "aws_iam_role.warden_lambda_execution",
            "aws_iam_role_policy.warden_lambda_permissions",
            "aws_kms_key.warden_sns",
            "aws_lambda_function.warden_quarantine",
            "aws_sns_topic.warden_security_alerts",
            "aws_sqs_queue.warden_dlq",
            "data.aws_caller_identity.current"
          ]
        }
      ]
    },
    {
      "mode": "managed",
      "type": "aws_s3_bucket",
      "name": "cloudtrail_logs",
      "provider": "provider[\"registry.terraform.io/hashicorp/aws\"]",
      "instances": [
        {
          "schema_version": 0,
          "attributes": {
            "acceleration_status": "",
            "acl": null,
            "arn": "arn:aws:s3:::warden-trail-logs-935595346298",
            "bucket": "warden-trail-logs-935595346298",
            "bucket_domain_name": "warden-trail-logs-935595346298.s3.amazonaws.com",
            "bucket_prefix": "",
            "bucket_regional_domain_name": "warden-trail-logs-935595346298.s3.us-east-1.amazonaws.com",
            "cors_rule": [],
            "force_destroy": false,
            "grant": [
              {
                "id": "7920817a99bd492efa06f64518cdc2c3a04d88943fd23634ab69a712969f7ae4",
                "permissions": [
                  "FULL_CONTROL"
                ],
                "type": "CanonicalUser",
                "uri": ""
              }
            ],
            "hosted_zone_id": "Z3AQBSTGFYJSTF",
            "id": "warden-trail-logs-935595346298",
            "lifecycle_rule": [],
            "logging": [],
            "object_lock_configuration": [],
            "object_lock_enabled": false,
            "policy": "{\"Statement\":[{\"Action\":\"s3:GetBucketAcl\",\"Effect\":\"Allow\",\"Principal\":{\"Service\":\"cloudtrail.amazonaws.com\"},\"Resource\":\"arn:aws:s3:::warden-trail-logs-935595346298\",\"Sid\":\"AWSCloudTrailAclCheck\"},{\"Action\":\"s3:PutObject\",\"Condition\":{\"StringEquals\":{\"s3:x-amz-acl\":\"bucket-owner-full-control\"}},\"Effect\":\"Allow\",\"Principal\":{\"Service\":\"cloudtrail.amazonaws.com\"},\"Resource\":\"arn:aws:s3:::warden-trail-logs-935595346298/*\",\"Sid\":\"AWSCloudTrailWrite\"}],\"Version\":\"2012-10-17\"}",
            "region": "us-east-1",
            "replication_configuration": [],
            "request_payer": "BucketOwner",
            "server_side_encryption_configuration": [
              {
                "rule": [
                  {
                    "apply_server_side_encryption_by_default": [
                      {
                        "kms_master_key_id": "",
                        "sse_algorithm": "AES256"
                      }
                    ],
                    "bucket_key_enabled": false
                  }
                ]
              }
            ],
            "tags": {},
            "tags_all": {
              "ManagedBy": "terraform",
              "Project": "warden-security",
              "Purpose": "iam-security-remediation"
            },
            "timeouts": null,
            "versioning": [
              {
                "enabled": false,
                "mfa_delete": false
              }
            ],
            "website": [],
            "website_domain": null,
            "website_endpoint": null
          },
          "sensitive_attributes": [],
          "identity_schema_version": 0,
          "private": "eyJlMmJmYjczMC1lY2FhLTExZTYtOGY4OC0zNDM2M2JjN2M0YzAiOnsiY3JlYXRlIjoxMjAwMDAwMDAwMDAwLCJkZWxldGUiOjM2MDAwMDAwMDAwMDAsInJlYWQiOjEyMDAwMDAwMDAwMDAsInVwZGF0ZSI6MTIwMDAwMDAwMDAwMH19",
          "dependencies": [
            "data.aws_caller_identity.current"
          ]
        }
      ]
    },
    {
      "mode": "managed",
      "type": "aws_s3_bucket_policy",
      "name": "cloudtrail_logs_policy",
      "provider": "provider[\"registry.terraform.io/hashicorp/aws\"]",
      "instances": [
        {
          "schema_version": 0,
          "attributes": {
            "bucket": "warden-trail-logs-935595346298",
            "id": "warden-trail-logs-935595346298",
            "policy": "{\"Statement\":[{\"Action\":\"s3:GetBucketAcl\",\"Effect\":\"Allow\",\"Principal\":{\"Service\":\"cloudtrail.amazonaws.com\"},\"Resource\":\"arn:aws:s3:::warden-trail-logs-935595346298\",\"Sid\":\"AWSCloudTrailAclCheck\"},{\"Action\":\"s3:PutObject\",\"Condition\":{\"StringEquals\":{\"s3:x-amz-acl\":\"bucket-owner-full-control\"}},\"Effect\":\"Allow\",\"Principal\":{\"Service\":\"cloudtrail.amazonaws.com\"},\"Resource\":\"arn:aws:s3:::warden-trail-logs-935595346298/*\",\"Sid\":\"AWSCloudTrailWrite\"}],\"Version\":\"2012-10-17\"}"
          },
          "sensitive_attributes": [],
          "identity_schema_version": 0,
          "private": "eyJzY2hlbWFfdmVyc2lvbiI6IjAifQ==",
          "dependencies": [
            "aws_s3_bucket.cloudtrail_logs",
            "data.aws_caller_identity.current"
          ]
        }
      ]
    },
    {
      "mode": "managed",
      "type": "aws_sns_topic",
      "name": "warden_security_alerts",
      "provider": "provider[\"registry.terraform.io/hashicorp/aws\"]",
      "instances": [
        {
          "schema_version": 0,
          "attributes": {
            "application_failure_feedback_role_arn": "",
            "application_success_feedback_role_arn": "",
            "application_success_feedback_sample_rate": 0,
            "archive_policy": "",
            "arn": "arn:aws:sns:us-east-1:935595346298:warden-security-alerts",
            "beginning_archive_time": "",
            "content_based_deduplication": false,
            "delivery_policy": "",
            "display_name": "Warden Security Alerts",
            "fifo_throughput_scope": "",
            "fifo_topic": false,
            "firehose_failure_feedback_role_arn": "",
            "firehose_success_feedback_role_arn": "",
            "firehose_success_feedback_sample_rate": 0,
            "http_failure_feedback_role_arn": "",
            "http_success_feedback_role_arn": "",
            "http_success_feedback_sample_rate": 0,
            "id": "arn:aws:sns:us-east-1:935595346298:warden-security-alerts",
            "kms_master_key_id": "3a0c4183-d597-4b5b-be85-822a5ac66876",
            "lambda_failure_feedback_role_arn": "",
            "lambda_success_feedback_role_arn": "",
            "lambda_success_feedback_sample_rate": 0,
            "name": "warden-security-alerts",
            "name_prefix": "",
            "owner": "935595346298",
            "policy": "{\"Statement\":[{\"Action\":\"SNS:Publish\",\"Condition\":{\"StringEquals\":{\"aws:SourceAccount\":\"935595346298\"}},\"Effect\":\"Allow\",\"Principal\":{\"Service\":\"lambda.amazonaws.com\"},\"Resource\":\"arn:aws:sns:us-east-1:935595346298:warden-security-alerts\",\"Sid\":\"AllowLambdaPublish\"}],\"Version\":\"2012-10-17\"}",
            "signature_version": 0,
            "sqs_failure_feedback_role_arn": "",
            "sqs_success_feedback_role_arn": "",
            "sqs_success_feedback_sample_rate": 0,
            "tags": {
              "Name": "warden-security-alerts"
            },
            "tags_all": {
              "ManagedBy": "terraform",
              "Name": "warden-security-alerts",
              "Project": "warden-security",
              "Purpose": "iam-security-remediation"
            },
            "tracing_config": ""
          },
          "sensitive_attributes": [],
          "identity_schema_version": 0,
          "private": "bnVsbA==",
          "dependencies": [
            "aws_kms_key.warden_sns"
          ]
        }
      ]
    },
    {
      "mode": "managed",
      "type": "aws_sns_topic_policy",
      "name": "warden_security_alerts",
      "provider": "provider[\"registry.terraform.io/hashicorp/aws\"]",
      "instances": [
        {
          "schema_version": 0,
          "attributes": {
            "arn": "arn:aws:sns:us-east-1:935595346298:warden-security-alerts",
            "id": "arn:aws:sns:us-east-1:935595346298:warden-security-alerts",
            "owner": "935595346298",
            "policy": "{\"Statement\":[{\"Action\":\"SNS:Publish\",\"Condition\":{\"StringEquals\":{\"aws:SourceAccount\":\"935595346298\"}},\"Effect\":\"Allow\",\"Principal\":{\"Service\":\"lambda.amazonaws.com\"},\"Resource\":\"arn:aws:sns:us-east-1:935595346298:warden-security-alerts\",\"Sid\":\"AllowLambdaPublish\"}],\"Version\":\"2012-10-17\"}"
          },
          "sensitive_attributes": [],
          "identity_schema_version": 0,
          "private": "bnVsbA==",
          "dependencies": [
            "aws_kms_key.warden_sns",
            "aws_sns_topic.warden_security_alerts",
            "data.aws_caller_identity.current"
          ]
        }
      ]
    },
    {
      "mode": "managed",
      "type": "aws_sns_topic_subscription",
      "name": "email_subscription",
      "provider": "provider[\"registry.terraform.io/hashicorp/aws\"]",
      "instances": [
        {
          "schema_version": 0,
          "attributes": {
            "arn": "arn:aws:sns:us-east-1:935595346298:warden-security-alerts:b1693462-87ac-4b13-affe-b887ef7a62e2",
            "confirmation_timeout_in_minutes": 1,
            "confirmation_was_authenticated": false,
            "delivery_policy": "",
            "endpoint": "tdemy237@gmail.com",
            "endpoint_auto_confirms": false,
            "filter_policy": "",
            "filter_policy_scope": "",
            "id": "arn:aws:sns:us-east-1:935595346298:warden-security-alerts:b1693462-87ac-4b13-affe-b887ef7a62e2",
            "owner_id": "935595346298",
            "pending_confirmation": false,
            "protocol": "email",
            "raw_message_delivery": false,
            "redrive_policy": "",
            "replay_policy": "",
            "subscription_role_arn": "",
            "topic_arn": "arn:aws:sns:us-east-1:935595346298:warden-security-alerts"
          },
          "sensitive_attributes": [],
          "identity_schema_version": 0,
          "private": "bnVsbA==",
          "dependencies": [
            "aws_kms_key.warden_sns",
            "aws_sns_topic.warden_security_alerts"
          ]
        }
      ]
    },
    {
      "mode": "managed",
      "type": "aws_sqs_queue",
      "name": "warden_dlq",
      "provider": "provider[\"registry.terraform.io/hashicorp/aws\"]",
      "instances": [
        {
          "schema_version": 0,
          "attributes": {
            "arn": "arn:aws:sqs:us-east-1:935595346298:warden-lambda-dlq",
            "content_based_deduplication": false,
            "deduplication_scope": "",
            "delay_seconds": 0,
            "fifo_queue": false,
            "fifo_throughput_limit": "",
            "id": "https://sqs.us-east-1.amazonaws.com/935595346298/warden-lambda-dlq",
            "kms_data_key_reuse_period_seconds": 300,
            "kms_master_key_id": "",
            "max_message_size": 262144,
            "message_retention_seconds": 1209600,
            "name": "warden-lambda-dlq",
            "name_prefix": "",
            "policy": "",
            "receive_wait_time_seconds": 0,
            "redrive_allow_policy": "",
            "redrive_policy": "",
            "sqs_managed_sse_enabled": true,
            "tags": {
              "Name": "warden-lambda-dlq"
            },
            "tags_all": {
              "ManagedBy": "terraform",
              "Name": "warden-lambda-dlq",
              "Project": "warden-security",
              "Purpose": "iam-security-remediation"
            },
            "timeouts": null,
            "url": "https://sqs.us-east-1.amazonaws.com/935595346298/warden-lambda-dlq",
            "visibility_timeout_seconds": 30
          },
          "sensitive_attributes": [],
          "identity_schema_version": 0,
          "private": "eyJlMmJmYjczMC1lY2FhLTExZTYtOGY4OC0zNDM2M2JjN2M0YzAiOnsiY3JlYXRlIjoxODAwMDAwMDAwMDAsImRlbGV0ZSI6MTgwMDAwMDAwMDAwLCJ1cGRhdGUiOjE4MDAwMDAwMDAwMH19"
        }
      ]
    }
  ],
  "check_results": null
}
